
Microsoft Visual Studio Solution File, Format Version 12.00
# Visual Studio Version 17
VisualStudioVersion = 17.1.32421.90
MinimumVisualStudioVersion = 10.0.40219.1
Project("{FAE04EC0-301F-11D3-BF4B-00C04F79EFBC}") = "WebApplication3", "WebApplication3\WebApplication3.csproj", "{BB6C09E4-949F-4FA3-A0CD-0A79F60F30F7}"
EndProject
Global
	GlobalSection(SolutionConfigurationPlatforms) = preSolution
		Debug|Any CPU = Debug|Any CPU
		Release|Any CPU = Release|Any CPU
	EndGlobalSection
	GlobalSection(ProjectConfigurationPlatforms) = postSolution
		{BB6C09E4-949F-4FA3-A0CD-0A79F60F30F7}.Debug|Any CPU.ActiveCfg = Debug|Any CPU
		{BB6C09E4-949F-4FA3-A0CD-0A79F60F30F7}.Debug|Any CPU.Build.0 = Debug|Any CPU
		{BB6C09E4-949F-4FA3-A0CD-0A79F60F30F7}.Release|Any CPU.ActiveCfg = Release|Any CPU
		{BB6C09E4-949F-4FA3-A0CD-0A79F60F30F7}.Release|Any CPU.Build.0 = Release|Any CPU
	EndGlobalSection
	GlobalSection(SolutionProperties) = preSolution
		HideSolutionNode = FALSE
	EndGlobalSection
	GlobalSection(ExtensibilityGlobals) = postSolution
		SolutionGuid = {6B021692-9BCC-40F3-A40E-4B633025978F}
	EndGlobalSection
EndGlobal
